
Microsoft Visual Studio Solution File, Format Version 12.00
# Visual Studio Version 17
VisualStudioVersion = 17.4.33122.133
MinimumVisualStudioVersion = 10.0.40219.1
Project("{9A19103F-16F7-4668-BE54-9A1E7A4F7556}") = "NewTrade", "NewTrade\NewTrade.csproj", "{DF6983AD-5D44-411E-9283-7FCB4F81A521}"
EndProject
Project("{9A19103F-16F7-4668-BE54-9A1E7A4F7556}") = "MVVM", "MVVM\MVVM.csproj", "{DEF10414-6E3F-4385-9A15-5C7D5EE1634E}"
EndProject
Project("{9A19103F-16F7-4668-BE54-9A1E7A4F7556}") = "ShopModel", "ShopModel\ShopModel.csproj", "{26A815FE-3CAE-4CFF-AEDD-5AC4817D426A}"
EndProject
Project("{9A19103F-16F7-4668-BE54-9A1E7A4F7556}") = "ShopViewModels", "ShopViewModels\ShopViewModels.csproj", "{26CD5B2C-724A-4C46-8D1B-5847B613917C}"
EndProject
Project("{FAE04EC0-301F-11D3-BF4B-00C04F79EFBC}") = "Interfaces", "Interfaces\Interfaces.csproj", "{270D7261-7D81-4717-A51B-41AB31EB3A83}"
EndProject
Global
	GlobalSection(SolutionConfigurationPlatforms) = preSolution
		Debug|Any CPU = Debug|Any CPU
		Release|Any CPU = Release|Any CPU
	EndGlobalSection
	GlobalSection(ProjectConfigurationPlatforms) = postSolution
		{DF6983AD-5D44-411E-9283-7FCB4F81A521}.Debug|Any CPU.ActiveCfg = Debug|Any CPU
		{DF6983AD-5D44-411E-9283-7FCB4F81A521}.Debug|Any CPU.Build.0 = Debug|Any CPU
		{DF6983AD-5D44-411E-9283-7FCB4F81A521}.Release|Any CPU.ActiveCfg = Release|Any CPU
		{DF6983AD-5D44-411E-9283-7FCB4F81A521}.Release|Any CPU.Build.0 = Release|Any CPU
		{DEF10414-6E3F-4385-9A15-5C7D5EE1634E}.Debug|Any CPU.ActiveCfg = Debug|Any CPU
		{DEF10414-6E3F-4385-9A15-5C7D5EE1634E}.Debug|Any CPU.Build.0 = Debug|Any CPU
		{DEF10414-6E3F-4385-9A15-5C7D5EE1634E}.Release|Any CPU.ActiveCfg = Release|Any CPU
		{DEF10414-6E3F-4385-9A15-5C7D5EE1634E}.Release|Any CPU.Build.0 = Release|Any CPU
		{26A815FE-3CAE-4CFF-AEDD-5AC4817D426A}.Debug|Any CPU.ActiveCfg = Debug|Any CPU
		{26A815FE-3CAE-4CFF-AEDD-5AC4817D426A}.Debug|Any CPU.Build.0 = Debug|Any CPU
		{26A815FE-3CAE-4CFF-AEDD-5AC4817D426A}.Release|Any CPU.ActiveCfg = Release|Any CPU
		{26A815FE-3CAE-4CFF-AEDD-5AC4817D426A}.Release|Any CPU.Build.0 = Release|Any CPU
		{26CD5B2C-724A-4C46-8D1B-5847B613917C}.Debug|Any CPU.ActiveCfg = Debug|Any CPU
		{26CD5B2C-724A-4C46-8D1B-5847B613917C}.Debug|Any CPU.Build.0 = Debug|Any CPU
		{26CD5B2C-724A-4C46-8D1B-5847B613917C}.Release|Any CPU.ActiveCfg = Release|Any CPU
		{26CD5B2C-724A-4C46-8D1B-5847B613917C}.Release|Any CPU.Build.0 = Release|Any CPU
		{270D7261-7D81-4717-A51B-41AB31EB3A83}.Debug|Any CPU.ActiveCfg = Debug|Any CPU
		{270D7261-7D81-4717-A51B-41AB31EB3A83}.Debug|Any CPU.Build.0 = Debug|Any CPU
		{270D7261-7D81-4717-A51B-41AB31EB3A83}.Release|Any CPU.ActiveCfg = Release|Any CPU
		{270D7261-7D81-4717-A51B-41AB31EB3A83}.Release|Any CPU.Build.0 = Release|Any CPU
	EndGlobalSection
	GlobalSection(SolutionProperties) = preSolution
		HideSolutionNode = FALSE
	EndGlobalSection
	GlobalSection(ExtensibilityGlobals) = postSolution
		SolutionGuid = {6635469A-6DC3-4817-B18E-D4574C73C1CA}
	EndGlobalSection
EndGlobal
