
Microsoft Visual Studio Solution File, Format Version 12.00
# Visual Studio Version 17
VisualStudioVersion = 17.4.33122.133
MinimumVisualStudioVersion = 10.0.40219.1
Project("{9A19103F-16F7-4668-BE54-9A1E7A4F7556}") = "NewTrade", "NewTrade\NewTrade.csproj", "{DF6983AD-5D44-411E-9283-7FCB4F81A521}"
EndProject
Project("{9A19103F-16F7-4668-BE54-9A1E7A4F7556}") = "CommonNet6", "CommonNet6\CommonNet6.csproj", "{895EF6DF-A4E2-415D-A662-84A08974D34C}"
EndProject
Project("{9A19103F-16F7-4668-BE54-9A1E7A4F7556}") = "ShopViewModels", "ShopViewModels\ShopViewModels.csproj", "{B0FCF90E-0039-4308-9813-8F7316161276}"
EndProject
Project("{9A19103F-16F7-4668-BE54-9A1E7A4F7556}") = "MVVM", "MVVM\MVVM.csproj", "{D3727FA5-D3AF-4634-B357-9E8211C710E4}"
EndProject
Project("{9A19103F-16F7-4668-BE54-9A1E7A4F7556}") = "ShopSQLite", "ShopSQLite\ShopSQLite.csproj", "{08CF2DD5-262C-4194-97CD-CD50E6E37699}"
EndProject
Project("{9A19103F-16F7-4668-BE54-9A1E7A4F7556}") = "ShopTest", "ShopTest\ShopTest.csproj", "{318C1D73-6EF7-41A5-B820-D97C99F27E28}"
EndProject
Global
	GlobalSection(SolutionConfigurationPlatforms) = preSolution
		Debug|Any CPU = Debug|Any CPU
		Release|Any CPU = Release|Any CPU
	EndGlobalSection
	GlobalSection(ProjectConfigurationPlatforms) = postSolution
		{DF6983AD-5D44-411E-9283-7FCB4F81A521}.Debug|Any CPU.ActiveCfg = Debug|Any CPU
		{DF6983AD-5D44-411E-9283-7FCB4F81A521}.Debug|Any CPU.Build.0 = Debug|Any CPU
		{DF6983AD-5D44-411E-9283-7FCB4F81A521}.Release|Any CPU.ActiveCfg = Release|Any CPU
		{DF6983AD-5D44-411E-9283-7FCB4F81A521}.Release|Any CPU.Build.0 = Release|Any CPU
		{895EF6DF-A4E2-415D-A662-84A08974D34C}.Debug|Any CPU.ActiveCfg = Debug|Any CPU
		{895EF6DF-A4E2-415D-A662-84A08974D34C}.Debug|Any CPU.Build.0 = Debug|Any CPU
		{895EF6DF-A4E2-415D-A662-84A08974D34C}.Release|Any CPU.ActiveCfg = Release|Any CPU
		{895EF6DF-A4E2-415D-A662-84A08974D34C}.Release|Any CPU.Build.0 = Release|Any CPU
		{B0FCF90E-0039-4308-9813-8F7316161276}.Debug|Any CPU.ActiveCfg = Debug|Any CPU
		{B0FCF90E-0039-4308-9813-8F7316161276}.Debug|Any CPU.Build.0 = Debug|Any CPU
		{B0FCF90E-0039-4308-9813-8F7316161276}.Release|Any CPU.ActiveCfg = Release|Any CPU
		{B0FCF90E-0039-4308-9813-8F7316161276}.Release|Any CPU.Build.0 = Release|Any CPU
		{D3727FA5-D3AF-4634-B357-9E8211C710E4}.Debug|Any CPU.ActiveCfg = Debug|Any CPU
		{D3727FA5-D3AF-4634-B357-9E8211C710E4}.Debug|Any CPU.Build.0 = Debug|Any CPU
		{D3727FA5-D3AF-4634-B357-9E8211C710E4}.Release|Any CPU.ActiveCfg = Release|Any CPU
		{D3727FA5-D3AF-4634-B357-9E8211C710E4}.Release|Any CPU.Build.0 = Release|Any CPU
		{08CF2DD5-262C-4194-97CD-CD50E6E37699}.Debug|Any CPU.ActiveCfg = Debug|Any CPU
		{08CF2DD5-262C-4194-97CD-CD50E6E37699}.Debug|Any CPU.Build.0 = Debug|Any CPU
		{08CF2DD5-262C-4194-97CD-CD50E6E37699}.Release|Any CPU.ActiveCfg = Release|Any CPU
		{08CF2DD5-262C-4194-97CD-CD50E6E37699}.Release|Any CPU.Build.0 = Release|Any CPU
		{318C1D73-6EF7-41A5-B820-D97C99F27E28}.Debug|Any CPU.ActiveCfg = Debug|Any CPU
		{318C1D73-6EF7-41A5-B820-D97C99F27E28}.Debug|Any CPU.Build.0 = Debug|Any CPU
		{318C1D73-6EF7-41A5-B820-D97C99F27E28}.Release|Any CPU.ActiveCfg = Release|Any CPU
		{318C1D73-6EF7-41A5-B820-D97C99F27E28}.Release|Any CPU.Build.0 = Release|Any CPU
	EndGlobalSection
	GlobalSection(SolutionProperties) = preSolution
		HideSolutionNode = FALSE
	EndGlobalSection
	GlobalSection(ExtensibilityGlobals) = postSolution
		SolutionGuid = {6635469A-6DC3-4817-B18E-D4574C73C1CA}
	EndGlobalSection
EndGlobal
